
Microsoft Visual Studio Solution File, Format Version 12.00
# Visual Studio Version 17
VisualStudioVersion = 17.6.33815.320
MinimumVisualStudioVersion = 10.0.40219.1
Project("{9A19103F-16F7-4668-BE54-9A1E7A4F7556}") = "2DataAccess", "2DataAccess\2DataAccess.csproj", "{65562848-4937-43C2-9687-3A8AE841C6AD}"
EndProject
Project("{9A19103F-16F7-4668-BE54-9A1E7A4F7556}") = "1Model", "1Model\1Model.csproj", "{95FC6BBB-C7C8-4053-8099-B42CFAA57229}"
EndProject
Project("{9A19103F-16F7-4668-BE54-9A1E7A4F7556}") = "WpfApp", "WpfApp\WpfApp.csproj", "{BFC78658-671A-4585-BAE8-69ECCC1F445C}"
EndProject
Global
	GlobalSection(SolutionConfigurationPlatforms) = preSolution
		Debug|Any CPU = Debug|Any CPU
		Release|Any CPU = Release|Any CPU
	EndGlobalSection
	GlobalSection(ProjectConfigurationPlatforms) = postSolution
		{65562848-4937-43C2-9687-3A8AE841C6AD}.Debug|Any CPU.ActiveCfg = Debug|Any CPU
		{65562848-4937-43C2-9687-3A8AE841C6AD}.Debug|Any CPU.Build.0 = Debug|Any CPU
		{65562848-4937-43C2-9687-3A8AE841C6AD}.Release|Any CPU.ActiveCfg = Release|Any CPU
		{65562848-4937-43C2-9687-3A8AE841C6AD}.Release|Any CPU.Build.0 = Release|Any CPU
		{95FC6BBB-C7C8-4053-8099-B42CFAA57229}.Debug|Any CPU.ActiveCfg = Debug|Any CPU
		{95FC6BBB-C7C8-4053-8099-B42CFAA57229}.Debug|Any CPU.Build.0 = Debug|Any CPU
		{95FC6BBB-C7C8-4053-8099-B42CFAA57229}.Release|Any CPU.ActiveCfg = Release|Any CPU
		{95FC6BBB-C7C8-4053-8099-B42CFAA57229}.Release|Any CPU.Build.0 = Release|Any CPU
		{BFC78658-671A-4585-BAE8-69ECCC1F445C}.Debug|Any CPU.ActiveCfg = Debug|Any CPU
		{BFC78658-671A-4585-BAE8-69ECCC1F445C}.Debug|Any CPU.Build.0 = Debug|Any CPU
		{BFC78658-671A-4585-BAE8-69ECCC1F445C}.Release|Any CPU.ActiveCfg = Release|Any CPU
		{BFC78658-671A-4585-BAE8-69ECCC1F445C}.Release|Any CPU.Build.0 = Release|Any CPU
	EndGlobalSection
	GlobalSection(SolutionProperties) = preSolution
		HideSolutionNode = FALSE
	EndGlobalSection
	GlobalSection(ExtensibilityGlobals) = postSolution
		SolutionGuid = {6CA7773D-854C-452A-B2B5-3726E70FB465}
	EndGlobalSection
EndGlobal
