
Microsoft Visual Studio Solution File, Format Version 12.00
# Visual Studio Version 17
VisualStudioVersion = 17.6.33829.357
MinimumVisualStudioVersion = 10.0.40219.1
Project("{9A19103F-16F7-4668-BE54-9A1E7A4F7556}") = "SeafoodWpf", "SeafoodWpf\SeafoodWpf.csproj", "{ED1EE5AE-3E4F-4ACF-BCC6-4B1081038AE1}"
EndProject
Project("{2150E333-8FDC-42A3-9474-1A3956D46DE8}") = "MyNote", "MyNote", "{C12243DA-CEF9-48DB-ABDA-DF9CF2E359EC}"
	ProjectSection(SolutionItems) = preProject
		MyNote.txt = MyNote.txt
	EndProjectSection
EndProject
Global
	GlobalSection(SolutionConfigurationPlatforms) = preSolution
		Debug|Any CPU = Debug|Any CPU
		Release|Any CPU = Release|Any CPU
	EndGlobalSection
	GlobalSection(ProjectConfigurationPlatforms) = postSolution
		{ED1EE5AE-3E4F-4ACF-BCC6-4B1081038AE1}.Debug|Any CPU.ActiveCfg = Debug|Any CPU
		{ED1EE5AE-3E4F-4ACF-BCC6-4B1081038AE1}.Debug|Any CPU.Build.0 = Debug|Any CPU
		{ED1EE5AE-3E4F-4ACF-BCC6-4B1081038AE1}.Release|Any CPU.ActiveCfg = Release|Any CPU
		{ED1EE5AE-3E4F-4ACF-BCC6-4B1081038AE1}.Release|Any CPU.Build.0 = Release|Any CPU
	EndGlobalSection
	GlobalSection(SolutionProperties) = preSolution
		HideSolutionNode = FALSE
	EndGlobalSection
	GlobalSection(ExtensibilityGlobals) = postSolution
		SolutionGuid = {DB32C138-CBEF-4CDC-81A0-C5205E856ADB}
	EndGlobalSection
EndGlobal
