
Microsoft Visual Studio Solution File, Format Version 12.00
# Visual Studio Version 17
VisualStudioVersion = 17.6.33815.320
MinimumVisualStudioVersion = 10.0.40219.1
Project("{9A19103F-16F7-4668-BE54-9A1E7A4F7556}") = "SeafoodMVC", "SeafoodMVC\SeafoodMVC.csproj", "{CD913FA4-1878-485E-8C45-6860BC59BA7F}"
EndProject
Project("{FAE04EC0-301F-11D3-BF4B-00C04F79EFBC}") = "Common", "Domain\Common.csproj", "{0BD8FAB9-D308-4EF2-A9A1-6E416FD13175}"
EndProject
Project("{FAE04EC0-301F-11D3-BF4B-00C04F79EFBC}") = "Business", "Service\Business.csproj", "{0AEB2551-A236-4ED0-B89E-8172DD4D4A73}"
EndProject
Global
	GlobalSection(SolutionConfigurationPlatforms) = preSolution
		Debug|Any CPU = Debug|Any CPU
		Release|Any CPU = Release|Any CPU
	EndGlobalSection
	GlobalSection(ProjectConfigurationPlatforms) = postSolution
		{CD913FA4-1878-485E-8C45-6860BC59BA7F}.Debug|Any CPU.ActiveCfg = Debug|Any CPU
		{CD913FA4-1878-485E-8C45-6860BC59BA7F}.Debug|Any CPU.Build.0 = Debug|Any CPU
		{CD913FA4-1878-485E-8C45-6860BC59BA7F}.Release|Any CPU.ActiveCfg = Release|Any CPU
		{CD913FA4-1878-485E-8C45-6860BC59BA7F}.Release|Any CPU.Build.0 = Release|Any CPU
		{0BD8FAB9-D308-4EF2-A9A1-6E416FD13175}.Debug|Any CPU.ActiveCfg = Debug|Any CPU
		{0BD8FAB9-D308-4EF2-A9A1-6E416FD13175}.Debug|Any CPU.Build.0 = Debug|Any CPU
		{0BD8FAB9-D308-4EF2-A9A1-6E416FD13175}.Release|Any CPU.ActiveCfg = Release|Any CPU
		{0BD8FAB9-D308-4EF2-A9A1-6E416FD13175}.Release|Any CPU.Build.0 = Release|Any CPU
		{0AEB2551-A236-4ED0-B89E-8172DD4D4A73}.Debug|Any CPU.ActiveCfg = Debug|Any CPU
		{0AEB2551-A236-4ED0-B89E-8172DD4D4A73}.Debug|Any CPU.Build.0 = Debug|Any CPU
		{0AEB2551-A236-4ED0-B89E-8172DD4D4A73}.Release|Any CPU.ActiveCfg = Release|Any CPU
		{0AEB2551-A236-4ED0-B89E-8172DD4D4A73}.Release|Any CPU.Build.0 = Release|Any CPU
	EndGlobalSection
	GlobalSection(SolutionProperties) = preSolution
		HideSolutionNode = FALSE
	EndGlobalSection
	GlobalSection(ExtensibilityGlobals) = postSolution
		SolutionGuid = {D5CB4C7C-677F-4FCB-9E0C-C7504D7D1287}
	EndGlobalSection
EndGlobal
